
Microsoft Visual Studio Solution File, Format Version 12.00
# Visual Studio Version 16
VisualStudioVersion = 16.0.29306.81
MinimumVisualStudioVersion = 10.0.40219.1
Project("{9A19103F-16F7-4668-BE54-9A1E7A4F7556}") = "RileyBot", "DiscordBot\RileyBot.csproj", "{12265F55-082B-422F-BD96-38131E494D55}"
EndProject
Project("{9A19103F-16F7-4668-BE54-9A1E7A4F7556}") = "RileyBotDataExplorer", "RileyBotDataExplorer\RileyBotDataExplorer.csproj", "{7A066CA7-9947-460A-B116-875320017C8A}"
EndProject
Project("{FAE04EC0-301F-11D3-BF4B-00C04F79EFBC}") = "RileyBotDatabaseLibrary", "RileyBotDatabaseLibrary\RileyBotDatabaseLibrary.csproj", "{56A8190F-1788-4B8C-9DC8-5CA566911CE2}"
EndProject
Global
	GlobalSection(SolutionConfigurationPlatforms) = preSolution
		Debug|Any CPU = Debug|Any CPU
		Release|Any CPU = Release|Any CPU
	EndGlobalSection
	GlobalSection(ProjectConfigurationPlatforms) = postSolution
		{12265F55-082B-422F-BD96-38131E494D55}.Debug|Any CPU.ActiveCfg = Debug|Any CPU
		{12265F55-082B-422F-BD96-38131E494D55}.Debug|Any CPU.Build.0 = Debug|Any CPU
		{12265F55-082B-422F-BD96-38131E494D55}.Release|Any CPU.ActiveCfg = Release|Any CPU
		{12265F55-082B-422F-BD96-38131E494D55}.Release|Any CPU.Build.0 = Release|Any CPU
		{7A066CA7-9947-460A-B116-875320017C8A}.Debug|Any CPU.ActiveCfg = Debug|Any CPU
		{7A066CA7-9947-460A-B116-875320017C8A}.Debug|Any CPU.Build.0 = Debug|Any CPU
		{7A066CA7-9947-460A-B116-875320017C8A}.Release|Any CPU.ActiveCfg = Release|Any CPU
		{7A066CA7-9947-460A-B116-875320017C8A}.Release|Any CPU.Build.0 = Release|Any CPU
		{56A8190F-1788-4B8C-9DC8-5CA566911CE2}.Debug|Any CPU.ActiveCfg = Debug|Any CPU
		{56A8190F-1788-4B8C-9DC8-5CA566911CE2}.Debug|Any CPU.Build.0 = Debug|Any CPU
		{56A8190F-1788-4B8C-9DC8-5CA566911CE2}.Release|Any CPU.ActiveCfg = Release|Any CPU
		{56A8190F-1788-4B8C-9DC8-5CA566911CE2}.Release|Any CPU.Build.0 = Release|Any CPU
	EndGlobalSection
	GlobalSection(SolutionProperties) = preSolution
		HideSolutionNode = FALSE
	EndGlobalSection
	GlobalSection(ExtensibilityGlobals) = postSolution
		SolutionGuid = {FCE6BB9F-EF89-4A6F-B0AD-657EF34BB953}
	EndGlobalSection
EndGlobal
